{
  "name": "dawnfetch",
  "version": "0.1.0",
  "lockfileVersion": 3,
  "requires": true,
  "packages": {
    "": {
      "name": "dawnfetch",
      "version": "0.1.0",
      "hasInstallScript": true,
      "license": "MIT",
      "dependencies": {
        "dawnfetch": "^0.1.0"
      },
      "bin": {
        "dawnfetch": "npm/bin.cjs"
      },
      "engines": {
        "node": ">=18"
      }
    },
    "node_modules/dawnfetch": {
      "version": "0.1.0",
      "resolved": "https://registry.npmjs.org/dawnfetch/-/dawnfetch-0.1.0.tgz",
      "integrity": "sha512-e0K/TXs/HXio1bMc9boxM/3Ng83N+17P9GLYyG4RlZ261oPxgtYI3YWa+eD5bPy0Zdms59iC2icQMFlpRBnCsg==",
      "hasInstallScript": true,
      "license": "MIT",
      "bin": {
        "dawnfetch": "npm/bin.cjs"
      },
      "engines": {
        "node": ">=18"
      }
    }
  }
}
