{
  "name": "dawnfetch",
  "version": "0.1.1",
  "lockfileVersion": 3,
  "requires": true,
  "packages": {
    "": {
      "name": "dawnfetch",
      "version": "0.1.1",
      "hasInstallScript": true,
      "license": "MIT",
      "bin": {
        "dawnfetch": "npm/bin.cjs"
      },
      "engines": {
        "node": ">=18"
      }
    }
  }
}
